// !$*UTF8*$!
{
	archiveVersion = 1;
	classes = {
	};
	objectVersion = 54;
	objects = {

/* Begin PBXBuildFile section */
		00E356F31AD99517003FC87E /* base_Tests.m in Sources */ = {isa = PBXBuildFile; fileRef = 00E356F21AD99517003FC87E /* base_Tests.m */; };
		015A01BE67ED463985AA0C9A /* DMSans_36pt-SemiBold.ttf in Resources */ = {isa = PBXBuildFile; fileRef = 2C3612366C6D4D79861339C0 /* DMSans_36pt-SemiBold.ttf */; };
		02E2DC55742E45C593D70761 /* DMSans_36pt-Regular.ttf in Resources */ = {isa = PBXBuildFile; fileRef = 9844CE32AC864E2CBAA9F275 /* DMSans_36pt-Regular.ttf */; };
		043696278E2B4D4B846B3088 /* DMSans_24pt-SemiBold.ttf in Resources */ = {isa = PBXBuildFile; fileRef = 8C531214D52C40D9A03B4325 /* DMSans_24pt-SemiBold.ttf */; };
		06DA3FCBD3E5464795DBED60 /* DMSans_24pt-Thin.ttf in Resources */ = {isa = PBXBuildFile; fileRef = 90F021D0F1734A22B3FE1E2D /* DMSans_24pt-Thin.ttf */; };
		09697F135F104BB484597955 /* DMSans_18pt-ThinItalic.ttf in Resources */ = {isa = PBXBuildFile; fileRef = 7AF628A87CDC4AA89F68642E /* DMSans_18pt-ThinItalic.ttf */; };
		0AFF83415CC94BB0A6FFEE37 /* DMSans-ExtraLightItalic.ttf in Resources */ = {isa = PBXBuildFile; fileRef = 6DBBC4A21AEE4D6A8DA6A1BE /* DMSans-ExtraLightItalic.ttf */; };
		0B2F25DDEA10408FAAAAB960 /* DMSans_18pt-MediumItalic.ttf in Resources */ = {isa = PBXBuildFile; fileRef = D1E8E44BA78244CB8A0B8560 /* DMSans_18pt-MediumItalic.ttf */; };
		0D398E3D82A741628FAD1F58 /* DMSans-ExtraBold.ttf in Resources */ = {isa = PBXBuildFile; fileRef = 807BA01C70374AC18B6693CF /* DMSans-ExtraBold.ttf */; };
		13B07FBC1A68108700A75B9A /* AppDelegate.mm in Sources */ = {isa = PBXBuildFile; fileRef = 13B07FB01A68108700A75B9A /* AppDelegate.mm */; };
		13B07FBF1A68108700A75B9A /* Images.xcassets in Resources */ = {isa = PBXBuildFile; fileRef = 13B07FB51A68108700A75B9A /* Images.xcassets */; };
		13B07FC11A68108700A75B9A /* main.m in Sources */ = {isa = PBXBuildFile; fileRef = 13B07FB71A68108700A75B9A /* main.m */; };
		13F98921DF5440FEA122D2B3 /* DMSans_18pt-Bold.ttf in Resources */ = {isa = PBXBuildFile; fileRef = F5BB7BC0B8744908BFC7958F /* DMSans_18pt-Bold.ttf */; };
		14DC9EEB98A241CB85BA20C5 /* DMSans_18pt-SemiBoldItalic.ttf in Resources */ = {isa = PBXBuildFile; fileRef = 2DF889DACF9E4973A4459579 /* DMSans_18pt-SemiBoldItalic.ttf */; };
		16FB2CB78D404997B6780C3D /* DMSans_18pt-ExtraLightItalic.ttf in Resources */ = {isa = PBXBuildFile; fileRef = 1A48FBBAED454F40B100AF49 /* DMSans_18pt-ExtraLightItalic.ttf */; };
		18B27FF043A14970886E14F6 /* DMSans_24pt-Bold.ttf in Resources */ = {isa = PBXBuildFile; fileRef = D52F741944FF4CE28D32F452 /* DMSans_24pt-Bold.ttf */; };
		224F53C771BA489DBCAA9C1D /* DMSans_24pt-BoldItalic.ttf in Resources */ = {isa = PBXBuildFile; fileRef = 4DCAFF774C8F49F48121BD9A /* DMSans_24pt-BoldItalic.ttf */; };
		2784C93023274AC68D99770A /* DMSans_24pt-Medium.ttf in Resources */ = {isa = PBXBuildFile; fileRef = B6EA8ACD378A44D2A9231480 /* DMSans_24pt-Medium.ttf */; };
		29875590D8D948059488BBCC /* DMSans-ThinItalic.ttf in Resources */ = {isa = PBXBuildFile; fileRef = 67DECD52759E4A228CC22DB5 /* DMSans-ThinItalic.ttf */; };
		2D5037B2FA99438596CD54D6 /* DMSans_18pt-SemiBold.ttf in Resources */ = {isa = PBXBuildFile; fileRef = B9C3EFC322E34039BA547465 /* DMSans_18pt-SemiBold.ttf */; };
		2FC72B64AEDF4A79BAEFD0C9 /* DMSans_24pt-Black.ttf in Resources */ = {isa = PBXBuildFile; fileRef = 01062D6B0D1942DB94768BF8 /* DMSans_24pt-Black.ttf */; };
		3D2D2CDE02A049408D9F0BE7 /* DMSans_18pt-ExtraBoldItalic.ttf in Resources */ = {isa = PBXBuildFile; fileRef = D10E200C1AB64048BBB80797 /* DMSans_18pt-ExtraBoldItalic.ttf */; };
		3F13B304B7E04EF8A422EDC4 /* DMSans-MediumItalic.ttf in Resources */ = {isa = PBXBuildFile; fileRef = 56FC966750C44C62A1B1CB30 /* DMSans-MediumItalic.ttf */; };
		3F2098459B4446CCAC372220 /* DMSans_18pt-ExtraBold.ttf in Resources */ = {isa = PBXBuildFile; fileRef = 148AF327E7DD4153A20E184C /* DMSans_18pt-ExtraBold.ttf */; };
		41C505E0699248EDBB896D23 /* DMSans_24pt-Light.ttf in Resources */ = {isa = PBXBuildFile; fileRef = 86E551EC8B574632B375911C /* DMSans_24pt-Light.ttf */; };
		42185B661ABD4A3BB6C6979A /* DMSans-ExtraLight.ttf in Resources */ = {isa = PBXBuildFile; fileRef = 28E0AEE033C44C7EAC0FBC5F /* DMSans-ExtraLight.ttf */; };
		42497C4BAAA54772A4DCC8EA /* DMSans_18pt-Thin.ttf in Resources */ = {isa = PBXBuildFile; fileRef = 697C49E436084A1BA0DAF07A /* DMSans_18pt-Thin.ttf */; };
		4257BDCF463F47AFA1C35661 /* DMSans_24pt-ThinItalic.ttf in Resources */ = {isa = PBXBuildFile; fileRef = 575CAE86F1FA41CA9F3BF423 /* DMSans_24pt-ThinItalic.ttf */; };
		42AD8AF9F22D4364963CABAB /* DMSans_24pt-ExtraBold.ttf in Resources */ = {isa = PBXBuildFile; fileRef = 0E0512A1290E42FE8B1F994B /* DMSans_24pt-ExtraBold.ttf */; };
		435386CF2B19E1AC001DB3DE /* Fontisto.ttf in Resources */ = {isa = PBXBuildFile; fileRef = 435386BC2B19E1AC001DB3DE /* Fontisto.ttf */; };
		435386D02B19E1AC001DB3DE /* Octicons.ttf in Resources */ = {isa = PBXBuildFile; fileRef = 435386BD2B19E1AC001DB3DE /* Octicons.ttf */; };
		435386D12B19E1AC001DB3DE /* Feather.ttf in Resources */ = {isa = PBXBuildFile; fileRef = 435386BE2B19E1AC001DB3DE /* Feather.ttf */; };
		435386D22B19E1AC001DB3DE /* FontAwesome6_Regular.ttf in Resources */ = {isa = PBXBuildFile; fileRef = 435386BF2B19E1AC001DB3DE /* FontAwesome6_Regular.ttf */; };
		435386D32B19E1AC001DB3DE /* Entypo.ttf in Resources */ = {isa = PBXBuildFile; fileRef = 435386C02B19E1AC001DB3DE /* Entypo.ttf */; };
		435386D42B19E1AC001DB3DE /* FontAwesome5_Brands.ttf in Resources */ = {isa = PBXBuildFile; fileRef = 435386C12B19E1AC001DB3DE /* FontAwesome5_Brands.ttf */; };
		435386D52B19E1AC001DB3DE /* MaterialCommunityIcons.ttf in Resources */ = {isa = PBXBuildFile; fileRef = 435386C22B19E1AC001DB3DE /* MaterialCommunityIcons.ttf */; };
		435386D62B19E1AC001DB3DE /* AntDesign.ttf in Resources */ = {isa = PBXBuildFile; fileRef = 435386C32B19E1AC001DB3DE /* AntDesign.ttf */; };
		435386D72B19E1AC001DB3DE /* Foundation.ttf in Resources */ = {isa = PBXBuildFile; fileRef = 435386C42B19E1AC001DB3DE /* Foundation.ttf */; };
		435386D82B19E1AC001DB3DE /* Ionicons.ttf in Resources */ = {isa = PBXBuildFile; fileRef = 435386C52B19E1AC001DB3DE /* Ionicons.ttf */; };
		435386D92B19E1AC001DB3DE /* FontAwesome5_Solid.ttf in Resources */ = {isa = PBXBuildFile; fileRef = 435386C62B19E1AC001DB3DE /* FontAwesome5_Solid.ttf */; };
		435386DA2B19E1AC001DB3DE /* FontAwesome5_Regular.ttf in Resources */ = {isa = PBXBuildFile; fileRef = 435386C72B19E1AC001DB3DE /* FontAwesome5_Regular.ttf */; };
		435386DB2B19E1AC001DB3DE /* FontAwesome.ttf in Resources */ = {isa = PBXBuildFile; fileRef = 435386C82B19E1AC001DB3DE /* FontAwesome.ttf */; };
		435386DC2B19E1AC001DB3DE /* Zocial.ttf in Resources */ = {isa = PBXBuildFile; fileRef = 435386C92B19E1AC001DB3DE /* Zocial.ttf */; };
		435386DD2B19E1AC001DB3DE /* EvilIcons.ttf in Resources */ = {isa = PBXBuildFile; fileRef = 435386CA2B19E1AC001DB3DE /* EvilIcons.ttf */; };
		435386DE2B19E1AC001DB3DE /* FontAwesome6_Solid.ttf in Resources */ = {isa = PBXBuildFile; fileRef = 435386CB2B19E1AC001DB3DE /* FontAwesome6_Solid.ttf */; };
		435386DF2B19E1AC001DB3DE /* SimpleLineIcons.ttf in Resources */ = {isa = PBXBuildFile; fileRef = 435386CC2B19E1AC001DB3DE /* SimpleLineIcons.ttf */; };
		435386E02B19E1AC001DB3DE /* FontAwesome6_Brands.ttf in Resources */ = {isa = PBXBuildFile; fileRef = 435386CD2B19E1AC001DB3DE /* FontAwesome6_Brands.ttf */; };
		435386E12B19E1AC001DB3DE /* MaterialIcons.ttf in Resources */ = {isa = PBXBuildFile; fileRef = 435386CE2B19E1AC001DB3DE /* MaterialIcons.ttf */; };
		442227EA7DAD49B3AE345224 /* DMSans_18pt-ExtraLight.ttf in Resources */ = {isa = PBXBuildFile; fileRef = CE837CD3AE0645A19C84BB49 /* DMSans_18pt-ExtraLight.ttf */; };
		48097482071940A3BD92A8F5 /* DMSans-Italic.ttf in Resources */ = {isa = PBXBuildFile; fileRef = F6960FA53E2E4DCBB9924289 /* DMSans-Italic.ttf */; };
		53347320C3CC4D5AA95FAD1C /* DMSans_18pt-Medium.ttf in Resources */ = {isa = PBXBuildFile; fileRef = 1C760B02282D43A7BD591B5E /* DMSans_18pt-Medium.ttf */; };
		53C608417E944CEF8C83E052 /* DMSans_18pt-LightItalic.ttf in Resources */ = {isa = PBXBuildFile; fileRef = 6B16637FD6D04890A04A56D9 /* DMSans_18pt-LightItalic.ttf */; };
		56547DFEBDBA4C1C99E7DE2F /* DMSans_36pt-ExtraBold.ttf in Resources */ = {isa = PBXBuildFile; fileRef = 7C78805248F941268C0AA4BC /* DMSans_36pt-ExtraBold.ttf */; };
		59E8C5D3DF26449EB9824766 /* DMSans_18pt-BoldItalic.ttf in Resources */ = {isa = PBXBuildFile; fileRef = 41DFDE99574A4316933AB31B /* DMSans_18pt-BoldItalic.ttf */; };
		5BF2B25D8B08471B9B667CBA /* DMSans_24pt-Italic.ttf in Resources */ = {isa = PBXBuildFile; fileRef = 448BF1A0C88B44E197E1CD0F /* DMSans_24pt-Italic.ttf */; };
		72A56BC752664E38B80D6A57 /* DMSans_36pt-Bold.ttf in Resources */ = {isa = PBXBuildFile; fileRef = 3ABBE945EB6B4BA391E8607E /* DMSans_36pt-Bold.ttf */; };
		7492E5CCEB7F4522B9B513C4 /* DMSans_24pt-BlackItalic.ttf in Resources */ = {isa = PBXBuildFile; fileRef = 08577DB22E324C77A96BBE60 /* DMSans_24pt-BlackItalic.ttf */; };
		777D37D3621B4F9EB211AA7B /* DMSans-SemiBoldItalic.ttf in Resources */ = {isa = PBXBuildFile; fileRef = 760FB08C937B4F74B89D43BA /* DMSans-SemiBoldItalic.ttf */; };
		779CC8C24C684A08ADF2A28C /* DMSans_36pt-Black.ttf in Resources */ = {isa = PBXBuildFile; fileRef = AF5939DC65D04452862E507F /* DMSans_36pt-Black.ttf */; };
		78412CFDDBAF45F28EC8350A /* DMSans_18pt-Italic.ttf in Resources */ = {isa = PBXBuildFile; fileRef = 28DB00A9498642ADB6C784F3 /* DMSans_18pt-Italic.ttf */; };
		7A9705D34E884B169C41C896 /* DMSans_24pt-SemiBoldItalic.ttf in Resources */ = {isa = PBXBuildFile; fileRef = 1CA618FA9D6E4E26BE8AE64B /* DMSans_24pt-SemiBoldItalic.ttf */; };
		7C3DCEAD5ED245E78857DF89 /* DMSans-Bold.ttf in Resources */ = {isa = PBXBuildFile; fileRef = E9B7A6A2FA29457A820B6151 /* DMSans-Bold.ttf */; };
		7DED6FF67D9148609413126C /* DMSans_36pt-Light.ttf in Resources */ = {isa = PBXBuildFile; fileRef = FC31957F046A4BD28ACEF9F7 /* DMSans_36pt-Light.ttf */; };
		7FA2BE5B127E4250A6EEE848 /* DMSans-BlackItalic.ttf in Resources */ = {isa = PBXBuildFile; fileRef = 125E28F4D297446D8005F514 /* DMSans-BlackItalic.ttf */; };
		814D9DCFAE4A43538417BCF5 /* DMSans-ExtraBoldItalic.ttf in Resources */ = {isa = PBXBuildFile; fileRef = 0D7F65DD19CC41698D40DB4A /* DMSans-ExtraBoldItalic.ttf */; };
		81AB9BB82411601600AC10FF /* LaunchScreen.storyboard in Resources */ = {isa = PBXBuildFile; fileRef = 81AB9BB72411601600AC10FF /* LaunchScreen.storyboard */; };
		82E6F40C476D41478D562DF7 /* DMSans_18pt-Regular.ttf in Resources */ = {isa = PBXBuildFile; fileRef = FA01AF4C386A413B929E4BA7 /* DMSans_18pt-Regular.ttf */; };
		83E48B99EC8B457C91B7B912 /* DMSans_24pt-MediumItalic.ttf in Resources */ = {isa = PBXBuildFile; fileRef = 8BFF9BC061364770B7576ACF /* DMSans_24pt-MediumItalic.ttf */; };
		86AD7CDA5C744834AF65F756 /* DMSans_36pt-MediumItalic.ttf in Resources */ = {isa = PBXBuildFile; fileRef = 8A61574649804636B2FC28AA /* DMSans_36pt-MediumItalic.ttf */; };
		8B3597F0B36542F689F1B29A /* DMSans_36pt-SemiBoldItalic.ttf in Resources */ = {isa = PBXBuildFile; fileRef = E0E813413194476BB4781C1F /* DMSans_36pt-SemiBoldItalic.ttf */; };
		963DA9458232443C89AB7D0A /* DMSans-Medium.ttf in Resources */ = {isa = PBXBuildFile; fileRef = 82129C2D6EEF4A8CB55B142A /* DMSans-Medium.ttf */; };
		96F9B2B291624AC8B02F82B0 /* DMSans_36pt-Italic.ttf in Resources */ = {isa = PBXBuildFile; fileRef = 70DA92A0A7D94E6896DEF6B4 /* DMSans_36pt-Italic.ttf */; };
		9D60ED5AF6514D67A9D08A81 /* DMSans-Light.ttf in Resources */ = {isa = PBXBuildFile; fileRef = B572D34ADF2C4901A375B158 /* DMSans-Light.ttf */; };
		A6ABB43FEFD9470AB1D25EB2 /* DMSans-BoldItalic.ttf in Resources */ = {isa = PBXBuildFile; fileRef = 876299A03D0D499DB5856D90 /* DMSans-BoldItalic.ttf */; };
		A8B764DB8E3A4087ACEA3739 /* DMSans_36pt-Thin.ttf in Resources */ = {isa = PBXBuildFile; fileRef = 94EE91EE5D894445815F063E /* DMSans_36pt-Thin.ttf */; };
		B22F9E59E761454DAAD47E0A /* DMSans_36pt-LightItalic.ttf in Resources */ = {isa = PBXBuildFile; fileRef = D7A927AC6DCF4D7F8B4F78AC /* DMSans_36pt-LightItalic.ttf */; };
		B6C2C36E76BA41E4859DDFF0 /* DMSans-Regular.ttf in Resources */ = {isa = PBXBuildFile; fileRef = 81C3C3B645DC4B4BAF049DF9 /* DMSans-Regular.ttf */; };
		BC1679ABB1954620A979B18E /* DMSans-SemiBold.ttf in Resources */ = {isa = PBXBuildFile; fileRef = 8F7CD93369844E898C11E3AE /* DMSans-SemiBold.ttf */; };
		C33299B3A0E2457B8F70715D /* DMSans_24pt-ExtraLightItalic.ttf in Resources */ = {isa = PBXBuildFile; fileRef = 2BC12DAE6104443487245D5B /* DMSans_24pt-ExtraLightItalic.ttf */; };
		C6CB585053134D798A0D1C1B /* DMSans_24pt-ExtraBoldItalic.ttf in Resources */ = {isa = PBXBuildFile; fileRef = 002A95FB5C8F4FB88E7716B3 /* DMSans_24pt-ExtraBoldItalic.ttf */; };
		C6E637B2B5704208BCDC0B83 /* DMSans_36pt-ExtraBoldItalic.ttf in Resources */ = {isa = PBXBuildFile; fileRef = 73F42A20688B40509C678144 /* DMSans_36pt-ExtraBoldItalic.ttf */; };
		CA79F886DA4545379605BC35 /* DMSans_24pt-LightItalic.ttf in Resources */ = {isa = PBXBuildFile; fileRef = E96090C0C043461B85192E02 /* DMSans_24pt-LightItalic.ttf */; };
		CC463C845ECD429F937F028D /* DMSans_36pt-ExtraLight.ttf in Resources */ = {isa = PBXBuildFile; fileRef = CCD194683F5D40C5B4C39EB0 /* DMSans_36pt-ExtraLight.ttf */; };
		CED422ACCC4E413DB04F8DDC /* DMSans_18pt-BlackItalic.ttf in Resources */ = {isa = PBXBuildFile; fileRef = 803C6B1B50D042DEA5D40706 /* DMSans_18pt-BlackItalic.ttf */; };
		D5EAE3D07034465F9D81D27E /* DMSans_36pt-BlackItalic.ttf in Resources */ = {isa = PBXBuildFile; fileRef = 56AA2367C6FD4B6C9C5082A5 /* DMSans_36pt-BlackItalic.ttf */; };
		DA74D4E5FDDB45918551960E /* DMSans_36pt-ThinItalic.ttf in Resources */ = {isa = PBXBuildFile; fileRef = 43A6CF86D84A46C1AFB59C2E /* DMSans_36pt-ThinItalic.ttf */; };
		DAE063F836364F3C97CF3C1B /* DMSans-Thin.ttf in Resources */ = {isa = PBXBuildFile; fileRef = D243AF2B07C0490C92E48676 /* DMSans-Thin.ttf */; };
		E407E43E50654F939E56EC9A /* DMSans_18pt-Black.ttf in Resources */ = {isa = PBXBuildFile; fileRef = D887F4155AE84AFE93937295 /* DMSans_18pt-Black.ttf */; };
		E5652D14586845E4AC6625CA /* DMSans-Black.ttf in Resources */ = {isa = PBXBuildFile; fileRef = EC9650D5A8654303980628A7 /* DMSans-Black.ttf */; };
		EC203B662DE54C608E89C0D4 /* DMSans_24pt-ExtraLight.ttf in Resources */ = {isa = PBXBuildFile; fileRef = F27E866A3ADA4DB4A7695116 /* DMSans_24pt-ExtraLight.ttf */; };
		EE16E2DF6A464C68A4276560 /* DMSans_36pt-ExtraLightItalic.ttf in Resources */ = {isa = PBXBuildFile; fileRef = 1DCE304C1C3949D18AE3305F /* DMSans_36pt-ExtraLightItalic.ttf */; };
		F542E124BAAB48FF8180AF98 /* DMSans-LightItalic.ttf in Resources */ = {isa = PBXBuildFile; fileRef = 67D47AF48B284B9ABEF0E34D /* DMSans-LightItalic.ttf */; };
		F99A092E86FD44999E4594B9 /* DMSans_36pt-Medium.ttf in Resources */ = {isa = PBXBuildFile; fileRef = A532536E241F4DF58013EAD0 /* DMSans_36pt-Medium.ttf */; };
		FC04D5F3025845F68C239790 /* DMSans_24pt-Regular.ttf in Resources */ = {isa = PBXBuildFile; fileRef = 4388D6F8B40541319CE55045 /* DMSans_24pt-Regular.ttf */; };
		FCE39A5B82294C0CB0B55D22 /* DMSans_36pt-BoldItalic.ttf in Resources */ = {isa = PBXBuildFile; fileRef = A96FDDE0653D42B6BBDDF399 /* DMSans_36pt-BoldItalic.ttf */; };
		FFDF27EF84774AAB8629EE72 /* DMSans_18pt-Light.ttf in Resources */ = {isa = PBXBuildFile; fileRef = 6D0A42575EFA49FA94F500F8 /* DMSans_18pt-Light.ttf */; };
/* End PBXBuildFile section */

/* Begin PBXContainerItemProxy section */
		00E356F41AD99517003FC87E /* PBXContainerItemProxy */ = {
			isa = PBXContainerItemProxy;
			containerPortal = 83CBB9F71A601CBA00E9B192 /* Project object */;
			proxyType = 1;
			remoteGlobalIDString = 13B07F861A680F5B00A75B9A;
			remoteInfo = base_;
		};
/* End PBXContainerItemProxy section */

/* Begin PBXFileReference section */
		002A95FB5C8F4FB88E7716B3 /* DMSans_24pt-ExtraBoldItalic.ttf */ = {isa = PBXFileReference; explicitFileType = undefined; fileEncoding = undefined; includeInIndex = 0; lastKnownFileType = unknown; name = "DMSans_24pt-ExtraBoldItalic.ttf"; path = "../app/assets/fonts/DMSans_24pt-ExtraBoldItalic.ttf"; sourceTree = "<group>"; };
		00E356EE1AD99517003FC87E /* base_Tests.xctest */ = {isa = PBXFileReference; explicitFileType = wrapper.cfbundle; includeInIndex = 0; path = base_Tests.xctest; sourceTree = BUILT_PRODUCTS_DIR; };
		00E356F11AD99517003FC87E /* Info.plist */ = {isa = PBXFileReference; lastKnownFileType = text.plist.xml; path = Info.plist; sourceTree = "<group>"; };
		00E356F21AD99517003FC87E /* base_Tests.m */ = {isa = PBXFileReference; lastKnownFileType = sourcecode.c.objc; path = base_Tests.m; sourceTree = "<group>"; };
		01062D6B0D1942DB94768BF8 /* DMSans_24pt-Black.ttf */ = {isa = PBXFileReference; explicitFileType = undefined; fileEncoding = undefined; includeInIndex = 0; lastKnownFileType = unknown; name = "DMSans_24pt-Black.ttf"; path = "../app/assets/fonts/DMSans_24pt-Black.ttf"; sourceTree = "<group>"; };
		08577DB22E324C77A96BBE60 /* DMSans_24pt-BlackItalic.ttf */ = {isa = PBXFileReference; explicitFileType = undefined; fileEncoding = undefined; includeInIndex = 0; lastKnownFileType = unknown; name = "DMSans_24pt-BlackItalic.ttf"; path = "../app/assets/fonts/DMSans_24pt-BlackItalic.ttf"; sourceTree = "<group>"; };
		0D7F65DD19CC41698D40DB4A /* DMSans-ExtraBoldItalic.ttf */ = {isa = PBXFileReference; explicitFileType = undefined; fileEncoding = undefined; includeInIndex = 0; lastKnownFileType = unknown; name = "DMSans-ExtraBoldItalic.ttf"; path = "../app/assets/fonts/DMSans-ExtraBoldItalic.ttf"; sourceTree = "<group>"; };
		0E0512A1290E42FE8B1F994B /* DMSans_24pt-ExtraBold.ttf */ = {isa = PBXFileReference; explicitFileType = undefined; fileEncoding = undefined; includeInIndex = 0; lastKnownFileType = unknown; name = "DMSans_24pt-ExtraBold.ttf"; path = "../app/assets/fonts/DMSans_24pt-ExtraBold.ttf"; sourceTree = "<group>"; };
		125E28F4D297446D8005F514 /* DMSans-BlackItalic.ttf */ = {isa = PBXFileReference; explicitFileType = undefined; fileEncoding = undefined; includeInIndex = 0; lastKnownFileType = unknown; name = "DMSans-BlackItalic.ttf"; path = "../app/assets/fonts/DMSans-BlackItalic.ttf"; sourceTree = "<group>"; };
		13B07F961A680F5B00A75B9A /* base_.app */ = {isa = PBXFileReference; explicitFileType = wrapper.application; includeInIndex = 0; path = base_.app; sourceTree = BUILT_PRODUCTS_DIR; };
		13B07FAF1A68108700A75B9A /* AppDelegate.h */ = {isa = PBXFileReference; fileEncoding = 4; lastKnownFileType = sourcecode.c.h; name = AppDelegate.h; path = base_/AppDelegate.h; sourceTree = "<group>"; };
		13B07FB01A68108700A75B9A /* AppDelegate.mm */ = {isa = PBXFileReference; fileEncoding = 4; lastKnownFileType = sourcecode.cpp.objcpp; name = AppDelegate.mm; path = base_/AppDelegate.mm; sourceTree = "<group>"; };
		13B07FB51A68108700A75B9A /* Images.xcassets */ = {isa = PBXFileReference; lastKnownFileType = folder.assetcatalog; name = Images.xcassets; path = base_/Images.xcassets; sourceTree = "<group>"; };
		13B07FB61A68108700A75B9A /* Info.plist */ = {isa = PBXFileReference; fileEncoding = 4; lastKnownFileType = text.plist.xml; name = Info.plist; path = base_/Info.plist; sourceTree = "<group>"; };
		13B07FB71A68108700A75B9A /* main.m */ = {isa = PBXFileReference; fileEncoding = 4; lastKnownFileType = sourcecode.c.objc; name = main.m; path = base_/main.m; sourceTree = "<group>"; };
		148AF327E7DD4153A20E184C /* DMSans_18pt-ExtraBold.ttf */ = {isa = PBXFileReference; explicitFileType = undefined; fileEncoding = undefined; includeInIndex = 0; lastKnownFileType = unknown; name = "DMSans_18pt-ExtraBold.ttf"; path = "../app/assets/fonts/DMSans_18pt-ExtraBold.ttf"; sourceTree = "<group>"; };
		1A48FBBAED454F40B100AF49 /* DMSans_18pt-ExtraLightItalic.ttf */ = {isa = PBXFileReference; explicitFileType = undefined; fileEncoding = undefined; includeInIndex = 0; lastKnownFileType = unknown; name = "DMSans_18pt-ExtraLightItalic.ttf"; path = "../app/assets/fonts/DMSans_18pt-ExtraLightItalic.ttf"; sourceTree = "<group>"; };
		1C760B02282D43A7BD591B5E /* DMSans_18pt-Medium.ttf */ = {isa = PBXFileReference; explicitFileType = undefined; fileEncoding = undefined; includeInIndex = 0; lastKnownFileType = unknown; name = "DMSans_18pt-Medium.ttf"; path = "../app/assets/fonts/DMSans_18pt-Medium.ttf"; sourceTree = "<group>"; };
		1CA618FA9D6E4E26BE8AE64B /* DMSans_24pt-SemiBoldItalic.ttf */ = {isa = PBXFileReference; explicitFileType = undefined; fileEncoding = undefined; includeInIndex = 0; lastKnownFileType = unknown; name = "DMSans_24pt-SemiBoldItalic.ttf"; path = "../app/assets/fonts/DMSans_24pt-SemiBoldItalic.ttf"; sourceTree = "<group>"; };
		1DCE304C1C3949D18AE3305F /* DMSans_36pt-ExtraLightItalic.ttf */ = {isa = PBXFileReference; explicitFileType = undefined; fileEncoding = undefined; includeInIndex = 0; lastKnownFileType = unknown; name = "DMSans_36pt-ExtraLightItalic.ttf"; path = "../app/assets/fonts/DMSans_36pt-ExtraLightItalic.ttf"; sourceTree = "<group>"; };
		28DB00A9498642ADB6C784F3 /* DMSans_18pt-Italic.ttf */ = {isa = PBXFileReference; explicitFileType = undefined; fileEncoding = undefined; includeInIndex = 0; lastKnownFileType = unknown; name = "DMSans_18pt-Italic.ttf"; path = "../app/assets/fonts/DMSans_18pt-Italic.ttf"; sourceTree = "<group>"; };
		28E0AEE033C44C7EAC0FBC5F /* DMSans-ExtraLight.ttf */ = {isa = PBXFileReference; explicitFileType = undefined; fileEncoding = undefined; includeInIndex = 0; lastKnownFileType = unknown; name = "DMSans-ExtraLight.ttf"; path = "../app/assets/fonts/DMSans-ExtraLight.ttf"; sourceTree = "<group>"; };
		2BC12DAE6104443487245D5B /* DMSans_24pt-ExtraLightItalic.ttf */ = {isa = PBXFileReference; explicitFileType = undefined; fileEncoding = undefined; includeInIndex = 0; lastKnownFileType = unknown; name = "DMSans_24pt-ExtraLightItalic.ttf"; path = "../app/assets/fonts/DMSans_24pt-ExtraLightItalic.ttf"; sourceTree = "<group>"; };
		2C3612366C6D4D79861339C0 /* DMSans_36pt-SemiBold.ttf */ = {isa = PBXFileReference; explicitFileType = undefined; fileEncoding = undefined; includeInIndex = 0; lastKnownFileType = unknown; name = "DMSans_36pt-SemiBold.ttf"; path = "../app/assets/fonts/DMSans_36pt-SemiBold.ttf"; sourceTree = "<group>"; };
		2DF889DACF9E4973A4459579 /* DMSans_18pt-SemiBoldItalic.ttf */ = {isa = PBXFileReference; explicitFileType = undefined; fileEncoding = undefined; includeInIndex = 0; lastKnownFileType = unknown; name = "DMSans_18pt-SemiBoldItalic.ttf"; path = "../app/assets/fonts/DMSans_18pt-SemiBoldItalic.ttf"; sourceTree = "<group>"; };
		3ABBE945EB6B4BA391E8607E /* DMSans_36pt-Bold.ttf */ = {isa = PBXFileReference; explicitFileType = undefined; fileEncoding = undefined; includeInIndex = 0; lastKnownFileType = unknown; name = "DMSans_36pt-Bold.ttf"; path = "../app/assets/fonts/DMSans_36pt-Bold.ttf"; sourceTree = "<group>"; };
		41DFDE99574A4316933AB31B /* DMSans_18pt-BoldItalic.ttf */ = {isa = PBXFileReference; explicitFileType = undefined; fileEncoding = undefined; includeInIndex = 0; lastKnownFileType = unknown; name = "DMSans_18pt-BoldItalic.ttf"; path = "../app/assets/fonts/DMSans_18pt-BoldItalic.ttf"; sourceTree = "<group>"; };
		435386BC2B19E1AC001DB3DE /* Fontisto.ttf */ = {isa = PBXFileReference; lastKnownFileType = file; path = Fontisto.ttf; sourceTree = "<group>"; };
		435386BD2B19E1AC001DB3DE /* Octicons.ttf */ = {isa = PBXFileReference; lastKnownFileType = file; path = Octicons.ttf; sourceTree = "<group>"; };
		435386BE2B19E1AC001DB3DE /* Feather.ttf */ = {isa = PBXFileReference; lastKnownFileType = file; path = Feather.ttf; sourceTree = "<group>"; };
		435386BF2B19E1AC001DB3DE /* FontAwesome6_Regular.ttf */ = {isa = PBXFileReference; lastKnownFileType = file; path = FontAwesome6_Regular.ttf; sourceTree = "<group>"; };
		435386C02B19E1AC001DB3DE /* Entypo.ttf */ = {isa = PBXFileReference; lastKnownFileType = file; path = Entypo.ttf; sourceTree = "<group>"; };
		435386C12B19E1AC001DB3DE /* FontAwesome5_Brands.ttf */ = {isa = PBXFileReference; lastKnownFileType = file; path = FontAwesome5_Brands.ttf; sourceTree = "<group>"; };
		435386C22B19E1AC001DB3DE /* MaterialCommunityIcons.ttf */ = {isa = PBXFileReference; lastKnownFileType = file; path = MaterialCommunityIcons.ttf; sourceTree = "<group>"; };
		435386C32B19E1AC001DB3DE /* AntDesign.ttf */ = {isa = PBXFileReference; lastKnownFileType = file; path = AntDesign.ttf; sourceTree = "<group>"; };
		435386C42B19E1AC001DB3DE /* Foundation.ttf */ = {isa = PBXFileReference; lastKnownFileType = file; path = Foundation.ttf; sourceTree = "<group>"; };
		435386C52B19E1AC001DB3DE /* Ionicons.ttf */ = {isa = PBXFileReference; lastKnownFileType = file; path = Ionicons.ttf; sourceTree = "<group>"; };
		435386C62B19E1AC001DB3DE /* FontAwesome5_Solid.ttf */ = {isa = PBXFileReference; lastKnownFileType = file; path = FontAwesome5_Solid.ttf; sourceTree = "<group>"; };
		435386C72B19E1AC001DB3DE /* FontAwesome5_Regular.ttf */ = {isa = PBXFileReference; lastKnownFileType = file; path = FontAwesome5_Regular.ttf; sourceTree = "<group>"; };
		435386C82B19E1AC001DB3DE /* FontAwesome.ttf */ = {isa = PBXFileReference; lastKnownFileType = file; path = FontAwesome.ttf; sourceTree = "<group>"; };
		435386C92B19E1AC001DB3DE /* Zocial.ttf */ = {isa = PBXFileReference; lastKnownFileType = file; path = Zocial.ttf; sourceTree = "<group>"; };
		435386CA2B19E1AC001DB3DE /* EvilIcons.ttf */ = {isa = PBXFileReference; lastKnownFileType = file; path = EvilIcons.ttf; sourceTree = "<group>"; };
		435386CB2B19E1AC001DB3DE /* FontAwesome6_Solid.ttf */ = {isa = PBXFileReference; lastKnownFileType = file; path = FontAwesome6_Solid.ttf; sourceTree = "<group>"; };
		435386CC2B19E1AC001DB3DE /* SimpleLineIcons.ttf */ = {isa = PBXFileReference; lastKnownFileType = file; path = SimpleLineIcons.ttf; sourceTree = "<group>"; };
		435386CD2B19E1AC001DB3DE /* FontAwesome6_Brands.ttf */ = {isa = PBXFileReference; lastKnownFileType = file; path = FontAwesome6_Brands.ttf; sourceTree = "<group>"; };
		435386CE2B19E1AC001DB3DE /* MaterialIcons.ttf */ = {isa = PBXFileReference; lastKnownFileType = file; path = MaterialIcons.ttf; sourceTree = "<group>"; };
		4388D6F8B40541319CE55045 /* DMSans_24pt-Regular.ttf */ = {isa = PBXFileReference; explicitFileType = undefined; fileEncoding = undefined; includeInIndex = 0; lastKnownFileType = unknown; name = "DMSans_24pt-Regular.ttf"; path = "../app/assets/fonts/DMSans_24pt-Regular.ttf"; sourceTree = "<group>"; };
		43A6CF86D84A46C1AFB59C2E /* DMSans_36pt-ThinItalic.ttf */ = {isa = PBXFileReference; explicitFileType = undefined; fileEncoding = undefined; includeInIndex = 0; lastKnownFileType = unknown; name = "DMSans_36pt-ThinItalic.ttf"; path = "../app/assets/fonts/DMSans_36pt-ThinItalic.ttf"; sourceTree = "<group>"; };
		448BF1A0C88B44E197E1CD0F /* DMSans_24pt-Italic.ttf */ = {isa = PBXFileReference; explicitFileType = undefined; fileEncoding = undefined; includeInIndex = 0; lastKnownFileType = unknown; name = "DMSans_24pt-Italic.ttf"; path = "../app/assets/fonts/DMSans_24pt-Italic.ttf"; sourceTree = "<group>"; };
		4DCAFF774C8F49F48121BD9A /* DMSans_24pt-BoldItalic.ttf */ = {isa = PBXFileReference; explicitFileType = undefined; fileEncoding = undefined; includeInIndex = 0; lastKnownFileType = unknown; name = "DMSans_24pt-BoldItalic.ttf"; path = "../app/assets/fonts/DMSans_24pt-BoldItalic.ttf"; sourceTree = "<group>"; };
		56AA2367C6FD4B6C9C5082A5 /* DMSans_36pt-BlackItalic.ttf */ = {isa = PBXFileReference; explicitFileType = undefined; fileEncoding = undefined; includeInIndex = 0; lastKnownFileType = unknown; name = "DMSans_36pt-BlackItalic.ttf"; path = "../app/assets/fonts/DMSans_36pt-BlackItalic.ttf"; sourceTree = "<group>"; };
		56FC966750C44C62A1B1CB30 /* DMSans-MediumItalic.ttf */ = {isa = PBXFileReference; explicitFileType = undefined; fileEncoding = undefined; includeInIndex = 0; lastKnownFileType = unknown; name = "DMSans-MediumItalic.ttf"; path = "../app/assets/fonts/DMSans-MediumItalic.ttf"; sourceTree = "<group>"; };
		575CAE86F1FA41CA9F3BF423 /* DMSans_24pt-ThinItalic.ttf */ = {isa = PBXFileReference; explicitFileType = undefined; fileEncoding = undefined; includeInIndex = 0; lastKnownFileType = unknown; name = "DMSans_24pt-ThinItalic.ttf"; path = "../app/assets/fonts/DMSans_24pt-ThinItalic.ttf"; sourceTree = "<group>"; };
		67D47AF48B284B9ABEF0E34D /* DMSans-LightItalic.ttf */ = {isa = PBXFileReference; explicitFileType = undefined; fileEncoding = undefined; includeInIndex = 0; lastKnownFileType = unknown; name = "DMSans-LightItalic.ttf"; path = "../app/assets/fonts/DMSans-LightItalic.ttf"; sourceTree = "<group>"; };
		67DECD52759E4A228CC22DB5 /* DMSans-ThinItalic.ttf */ = {isa = PBXFileReference; explicitFileType = undefined; fileEncoding = undefined; includeInIndex = 0; lastKnownFileType = unknown; name = "DMSans-ThinItalic.ttf"; path = "../app/assets/fonts/DMSans-ThinItalic.ttf"; sourceTree = "<group>"; };
		697C49E436084A1BA0DAF07A /* DMSans_18pt-Thin.ttf */ = {isa = PBXFileReference; explicitFileType = undefined; fileEncoding = undefined; includeInIndex = 0; lastKnownFileType = unknown; name = "DMSans_18pt-Thin.ttf"; path = "../app/assets/fonts/DMSans_18pt-Thin.ttf"; sourceTree = "<group>"; };
		6B16637FD6D04890A04A56D9 /* DMSans_18pt-LightItalic.ttf */ = {isa = PBXFileReference; explicitFileType = undefined; fileEncoding = undefined; includeInIndex = 0; lastKnownFileType = unknown; name = "DMSans_18pt-LightItalic.ttf"; path = "../app/assets/fonts/DMSans_18pt-LightItalic.ttf"; sourceTree = "<group>"; };
		6D0A42575EFA49FA94F500F8 /* DMSans_18pt-Light.ttf */ = {isa = PBXFileReference; explicitFileType = undefined; fileEncoding = undefined; includeInIndex = 0; lastKnownFileType = unknown; name = "DMSans_18pt-Light.ttf"; path = "../app/assets/fonts/DMSans_18pt-Light.ttf"; sourceTree = "<group>"; };
		6DBBC4A21AEE4D6A8DA6A1BE /* DMSans-ExtraLightItalic.ttf */ = {isa = PBXFileReference; explicitFileType = undefined; fileEncoding = undefined; includeInIndex = 0; lastKnownFileType = unknown; name = "DMSans-ExtraLightItalic.ttf"; path = "../app/assets/fonts/DMSans-ExtraLightItalic.ttf"; sourceTree = "<group>"; };
		70DA92A0A7D94E6896DEF6B4 /* DMSans_36pt-Italic.ttf */ = {isa = PBXFileReference; explicitFileType = undefined; fileEncoding = undefined; includeInIndex = 0; lastKnownFileType = unknown; name = "DMSans_36pt-Italic.ttf"; path = "../app/assets/fonts/DMSans_36pt-Italic.ttf"; sourceTree = "<group>"; };
		73F42A20688B40509C678144 /* DMSans_36pt-ExtraBoldItalic.ttf */ = {isa = PBXFileReference; explicitFileType = undefined; fileEncoding = undefined; includeInIndex = 0; lastKnownFileType = unknown; name = "DMSans_36pt-ExtraBoldItalic.ttf"; path = "../app/assets/fonts/DMSans_36pt-ExtraBoldItalic.ttf"; sourceTree = "<group>"; };
		760FB08C937B4F74B89D43BA /* DMSans-SemiBoldItalic.ttf */ = {isa = PBXFileReference; explicitFileType = undefined; fileEncoding = undefined; includeInIndex = 0; lastKnownFileType = unknown; name = "DMSans-SemiBoldItalic.ttf"; path = "../app/assets/fonts/DMSans-SemiBoldItalic.ttf"; sourceTree = "<group>"; };
		7AF628A87CDC4AA89F68642E /* DMSans_18pt-ThinItalic.ttf */ = {isa = PBXFileReference; explicitFileType = undefined; fileEncoding = undefined; includeInIndex = 0; lastKnownFileType = unknown; name = "DMSans_18pt-ThinItalic.ttf"; path = "../app/assets/fonts/DMSans_18pt-ThinItalic.ttf"; sourceTree = "<group>"; };
		7C78805248F941268C0AA4BC /* DMSans_36pt-ExtraBold.ttf */ = {isa = PBXFileReference; explicitFileType = undefined; fileEncoding = undefined; includeInIndex = 0; lastKnownFileType = unknown; name = "DMSans_36pt-ExtraBold.ttf"; path = "../app/assets/fonts/DMSans_36pt-ExtraBold.ttf"; sourceTree = "<group>"; };
		803C6B1B50D042DEA5D40706 /* DMSans_18pt-BlackItalic.ttf */ = {isa = PBXFileReference; explicitFileType = undefined; fileEncoding = undefined; includeInIndex = 0; lastKnownFileType = unknown; name = "DMSans_18pt-BlackItalic.ttf"; path = "../app/assets/fonts/DMSans_18pt-BlackItalic.ttf"; sourceTree = "<group>"; };
		807BA01C70374AC18B6693CF /* DMSans-ExtraBold.ttf */ = {isa = PBXFileReference; explicitFileType = undefined; fileEncoding = undefined; includeInIndex = 0; lastKnownFileType = unknown; name = "DMSans-ExtraBold.ttf"; path = "../app/assets/fonts/DMSans-ExtraBold.ttf"; sourceTree = "<group>"; };
		81AB9BB72411601600AC10FF /* LaunchScreen.storyboard */ = {isa = PBXFileReference; fileEncoding = 4; lastKnownFileType = file.storyboard; name = LaunchScreen.storyboard; path = base_/LaunchScreen.storyboard; sourceTree = "<group>"; };
		81C3C3B645DC4B4BAF049DF9 /* DMSans-Regular.ttf */ = {isa = PBXFileReference; explicitFileType = undefined; fileEncoding = undefined; includeInIndex = 0; lastKnownFileType = unknown; name = "DMSans-Regular.ttf"; path = "../app/assets/fonts/DMSans-Regular.ttf"; sourceTree = "<group>"; };
		82129C2D6EEF4A8CB55B142A /* DMSans-Medium.ttf */ = {isa = PBXFileReference; explicitFileType = undefined; fileEncoding = undefined; includeInIndex = 0; lastKnownFileType = unknown; name = "DMSans-Medium.ttf"; path = "../app/assets/fonts/DMSans-Medium.ttf"; sourceTree = "<group>"; };
		86E551EC8B574632B375911C /* DMSans_24pt-Light.ttf */ = {isa = PBXFileReference; explicitFileType = undefined; fileEncoding = undefined; includeInIndex = 0; lastKnownFileType = unknown; name = "DMSans_24pt-Light.ttf"; path = "../app/assets/fonts/DMSans_24pt-Light.ttf"; sourceTree = "<group>"; };
		876299A03D0D499DB5856D90 /* DMSans-BoldItalic.ttf */ = {isa = PBXFileReference; explicitFileType = undefined; fileEncoding = undefined; includeInIndex = 0; lastKnownFileType = unknown; name = "DMSans-BoldItalic.ttf"; path = "../app/assets/fonts/DMSans-BoldItalic.ttf"; sourceTree = "<group>"; };
		8A61574649804636B2FC28AA /* DMSans_36pt-MediumItalic.ttf */ = {isa = PBXFileReference; explicitFileType = undefined; fileEncoding = undefined; includeInIndex = 0; lastKnownFileType = unknown; name = "DMSans_36pt-MediumItalic.ttf"; path = "../app/assets/fonts/DMSans_36pt-MediumItalic.ttf"; sourceTree = "<group>"; };
		8BFF9BC061364770B7576ACF /* DMSans_24pt-MediumItalic.ttf */ = {isa = PBXFileReference; explicitFileType = undefined; fileEncoding = undefined; includeInIndex = 0; lastKnownFileType = unknown; name = "DMSans_24pt-MediumItalic.ttf"; path = "../app/assets/fonts/DMSans_24pt-MediumItalic.ttf"; sourceTree = "<group>"; };
		8C531214D52C40D9A03B4325 /* DMSans_24pt-SemiBold.ttf */ = {isa = PBXFileReference; explicitFileType = undefined; fileEncoding = undefined; includeInIndex = 0; lastKnownFileType = unknown; name = "DMSans_24pt-SemiBold.ttf"; path = "../app/assets/fonts/DMSans_24pt-SemiBold.ttf"; sourceTree = "<group>"; };
		8F7CD93369844E898C11E3AE /* DMSans-SemiBold.ttf */ = {isa = PBXFileReference; explicitFileType = undefined; fileEncoding = undefined; includeInIndex = 0; lastKnownFileType = unknown; name = "DMSans-SemiBold.ttf"; path = "../app/assets/fonts/DMSans-SemiBold.ttf"; sourceTree = "<group>"; };
		90F021D0F1734A22B3FE1E2D /* DMSans_24pt-Thin.ttf */ = {isa = PBXFileReference; explicitFileType = undefined; fileEncoding = undefined; includeInIndex = 0; lastKnownFileType = unknown; name = "DMSans_24pt-Thin.ttf"; path = "../app/assets/fonts/DMSans_24pt-Thin.ttf"; sourceTree = "<group>"; };
		94EE91EE5D894445815F063E /* DMSans_36pt-Thin.ttf */ = {isa = PBXFileReference; explicitFileType = undefined; fileEncoding = undefined; includeInIndex = 0; lastKnownFileType = unknown; name = "DMSans_36pt-Thin.ttf"; path = "../app/assets/fonts/DMSans_36pt-Thin.ttf"; sourceTree = "<group>"; };
		9844CE32AC864E2CBAA9F275 /* DMSans_36pt-Regular.ttf */ = {isa = PBXFileReference; explicitFileType = undefined; fileEncoding = undefined; includeInIndex = 0; lastKnownFileType = unknown; name = "DMSans_36pt-Regular.ttf"; path = "../app/assets/fonts/DMSans_36pt-Regular.ttf"; sourceTree = "<group>"; };
		A532536E241F4DF58013EAD0 /* DMSans_36pt-Medium.ttf */ = {isa = PBXFileReference; explicitFileType = undefined; fileEncoding = undefined; includeInIndex = 0; lastKnownFileType = unknown; name = "DMSans_36pt-Medium.ttf"; path = "../app/assets/fonts/DMSans_36pt-Medium.ttf"; sourceTree = "<group>"; };
		A96FDDE0653D42B6BBDDF399 /* DMSans_36pt-BoldItalic.ttf */ = {isa = PBXFileReference; explicitFileType = undefined; fileEncoding = undefined; includeInIndex = 0; lastKnownFileType = unknown; name = "DMSans_36pt-BoldItalic.ttf"; path = "../app/assets/fonts/DMSans_36pt-BoldItalic.ttf"; sourceTree = "<group>"; };
		AF5939DC65D04452862E507F /* DMSans_36pt-Black.ttf */ = {isa = PBXFileReference; explicitFileType = undefined; fileEncoding = undefined; includeInIndex = 0; lastKnownFileType = unknown; name = "DMSans_36pt-Black.ttf"; path = "../app/assets/fonts/DMSans_36pt-Black.ttf"; sourceTree = "<group>"; };
		B572D34ADF2C4901A375B158 /* DMSans-Light.ttf */ = {isa = PBXFileReference; explicitFileType = undefined; fileEncoding = undefined; includeInIndex = 0; lastKnownFileType = unknown; name = "DMSans-Light.ttf"; path = "../app/assets/fonts/DMSans-Light.ttf"; sourceTree = "<group>"; };
		B6EA8ACD378A44D2A9231480 /* DMSans_24pt-Medium.ttf */ = {isa = PBXFileReference; explicitFileType = undefined; fileEncoding = undefined; includeInIndex = 0; lastKnownFileType = unknown; name = "DMSans_24pt-Medium.ttf"; path = "../app/assets/fonts/DMSans_24pt-Medium.ttf"; sourceTree = "<group>"; };
		B9C3EFC322E34039BA547465 /* DMSans_18pt-SemiBold.ttf */ = {isa = PBXFileReference; explicitFileType = undefined; fileEncoding = undefined; includeInIndex = 0; lastKnownFileType = unknown; name = "DMSans_18pt-SemiBold.ttf"; path = "../app/assets/fonts/DMSans_18pt-SemiBold.ttf"; sourceTree = "<group>"; };
		CCD194683F5D40C5B4C39EB0 /* DMSans_36pt-ExtraLight.ttf */ = {isa = PBXFileReference; explicitFileType = undefined; fileEncoding = undefined; includeInIndex = 0; lastKnownFileType = unknown; name = "DMSans_36pt-ExtraLight.ttf"; path = "../app/assets/fonts/DMSans_36pt-ExtraLight.ttf"; sourceTree = "<group>"; };
		CE837CD3AE0645A19C84BB49 /* DMSans_18pt-ExtraLight.ttf */ = {isa = PBXFileReference; explicitFileType = undefined; fileEncoding = undefined; includeInIndex = 0; lastKnownFileType = unknown; name = "DMSans_18pt-ExtraLight.ttf"; path = "../app/assets/fonts/DMSans_18pt-ExtraLight.ttf"; sourceTree = "<group>"; };
		D10E200C1AB64048BBB80797 /* DMSans_18pt-ExtraBoldItalic.ttf */ = {isa = PBXFileReference; explicitFileType = undefined; fileEncoding = undefined; includeInIndex = 0; lastKnownFileType = unknown; name = "DMSans_18pt-ExtraBoldItalic.ttf"; path = "../app/assets/fonts/DMSans_18pt-ExtraBoldItalic.ttf"; sourceTree = "<group>"; };
		D1E8E44BA78244CB8A0B8560 /* DMSans_18pt-MediumItalic.ttf */ = {isa = PBXFileReference; explicitFileType = undefined; fileEncoding = undefined; includeInIndex = 0; lastKnownFileType = unknown; name = "DMSans_18pt-MediumItalic.ttf"; path = "../app/assets/fonts/DMSans_18pt-MediumItalic.ttf"; sourceTree = "<group>"; };
		D243AF2B07C0490C92E48676 /* DMSans-Thin.ttf */ = {isa = PBXFileReference; explicitFileType = undefined; fileEncoding = undefined; includeInIndex = 0; lastKnownFileType = unknown; name = "DMSans-Thin.ttf"; path = "../app/assets/fonts/DMSans-Thin.ttf"; sourceTree = "<group>"; };
		D52F741944FF4CE28D32F452 /* DMSans_24pt-Bold.ttf */ = {isa = PBXFileReference; explicitFileType = undefined; fileEncoding = undefined; includeInIndex = 0; lastKnownFileType = unknown; name = "DMSans_24pt-Bold.ttf"; path = "../app/assets/fonts/DMSans_24pt-Bold.ttf"; sourceTree = "<group>"; };
		D7A927AC6DCF4D7F8B4F78AC /* DMSans_36pt-LightItalic.ttf */ = {isa = PBXFileReference; explicitFileType = undefined; fileEncoding = undefined; includeInIndex = 0; lastKnownFileType = unknown; name = "DMSans_36pt-LightItalic.ttf"; path = "../app/assets/fonts/DMSans_36pt-LightItalic.ttf"; sourceTree = "<group>"; };
		D887F4155AE84AFE93937295 /* DMSans_18pt-Black.ttf */ = {isa = PBXFileReference; explicitFileType = undefined; fileEncoding = undefined; includeInIndex = 0; lastKnownFileType = unknown; name = "DMSans_18pt-Black.ttf"; path = "../app/assets/fonts/DMSans_18pt-Black.ttf"; sourceTree = "<group>"; };
		E0E813413194476BB4781C1F /* DMSans_36pt-SemiBoldItalic.ttf */ = {isa = PBXFileReference; explicitFileType = undefined; fileEncoding = undefined; includeInIndex = 0; lastKnownFileType = unknown; name = "DMSans_36pt-SemiBoldItalic.ttf"; path = "../app/assets/fonts/DMSans_36pt-SemiBoldItalic.ttf"; sourceTree = "<group>"; };
		E96090C0C043461B85192E02 /* DMSans_24pt-LightItalic.ttf */ = {isa = PBXFileReference; explicitFileType = undefined; fileEncoding = undefined; includeInIndex = 0; lastKnownFileType = unknown; name = "DMSans_24pt-LightItalic.ttf"; path = "../app/assets/fonts/DMSans_24pt-LightItalic.ttf"; sourceTree = "<group>"; };
		E9B7A6A2FA29457A820B6151 /* DMSans-Bold.ttf */ = {isa = PBXFileReference; explicitFileType = undefined; fileEncoding = undefined; includeInIndex = 0; lastKnownFileType = unknown; name = "DMSans-Bold.ttf"; path = "../app/assets/fonts/DMSans-Bold.ttf"; sourceTree = "<group>"; };
		EC9650D5A8654303980628A7 /* DMSans-Black.ttf */ = {isa = PBXFileReference; explicitFileType = undefined; fileEncoding = undefined; includeInIndex = 0; lastKnownFileType = unknown; name = "DMSans-Black.ttf"; path = "../app/assets/fonts/DMSans-Black.ttf"; sourceTree = "<group>"; };
		ED297162215061F000B7C4FE /* JavaScriptCore.framework */ = {isa = PBXFileReference; lastKnownFileType = wrapper.framework; name = JavaScriptCore.framework; path = System/Library/Frameworks/JavaScriptCore.framework; sourceTree = SDKROOT; };
		F27E866A3ADA4DB4A7695116 /* DMSans_24pt-ExtraLight.ttf */ = {isa = PBXFileReference; explicitFileType = undefined; fileEncoding = undefined; includeInIndex = 0; lastKnownFileType = unknown; name = "DMSans_24pt-ExtraLight.ttf"; path = "../app/assets/fonts/DMSans_24pt-ExtraLight.ttf"; sourceTree = "<group>"; };
		F5BB7BC0B8744908BFC7958F /* DMSans_18pt-Bold.ttf */ = {isa = PBXFileReference; explicitFileType = undefined; fileEncoding = undefined; includeInIndex = 0; lastKnownFileType = unknown; name = "DMSans_18pt-Bold.ttf"; path = "../app/assets/fonts/DMSans_18pt-Bold.ttf"; sourceTree = "<group>"; };
		F6960FA53E2E4DCBB9924289 /* DMSans-Italic.ttf */ = {isa = PBXFileReference; explicitFileType = undefined; fileEncoding = undefined; includeInIndex = 0; lastKnownFileType = unknown; name = "DMSans-Italic.ttf"; path = "../app/assets/fonts/DMSans-Italic.ttf"; sourceTree = "<group>"; };
		FA01AF4C386A413B929E4BA7 /* DMSans_18pt-Regular.ttf */ = {isa = PBXFileReference; explicitFileType = undefined; fileEncoding = undefined; includeInIndex = 0; lastKnownFileType = unknown; name = "DMSans_18pt-Regular.ttf"; path = "../app/assets/fonts/DMSans_18pt-Regular.ttf"; sourceTree = "<group>"; };
		FC31957F046A4BD28ACEF9F7 /* DMSans_36pt-Light.ttf */ = {isa = PBXFileReference; explicitFileType = undefined; fileEncoding = undefined; includeInIndex = 0; lastKnownFileType = unknown; name = "DMSans_36pt-Light.ttf"; path = "../app/assets/fonts/DMSans_36pt-Light.ttf"; sourceTree = "<group>"; };
/* End PBXFileReference section */

/* Begin PBXFrameworksBuildPhase section */
		00E356EB1AD99517003FC87E /* Frameworks */ = {
			isa = PBXFrameworksBuildPhase;
			buildActionMask = 2147483647;
			files = (
			);
			runOnlyForDeploymentPostprocessing = 0;
		};
		13B07F8C1A680F5B00A75B9A /* Frameworks */ = {
			isa = PBXFrameworksBuildPhase;
			buildActionMask = 2147483647;
			files = (
			);
			runOnlyForDeploymentPostprocessing = 0;
		};
/* End PBXFrameworksBuildPhase section */

/* Begin PBXGroup section */
		00E356EF1AD99517003FC87E /* base_Tests */ = {
			isa = PBXGroup;
			children = (
				00E356F21AD99517003FC87E /* base_Tests.m */,
				00E356F01AD99517003FC87E /* Supporting Files */,
			);
			path = base_Tests;
			sourceTree = "<group>";
		};
		00E356F01AD99517003FC87E /* Supporting Files */ = {
			isa = PBXGroup;
			children = (
				00E356F11AD99517003FC87E /* Info.plist */,
			);
			name = "Supporting Files";
			sourceTree = "<group>";
		};
		13B07FAE1A68108700A75B9A /* base_ */ = {
			isa = PBXGroup;
			children = (
				435386BB2B19E1AC001DB3DE /* Fonts */,
				13B07FAF1A68108700A75B9A /* AppDelegate.h */,
				13B07FB01A68108700A75B9A /* AppDelegate.mm */,
				13B07FB51A68108700A75B9A /* Images.xcassets */,
				13B07FB61A68108700A75B9A /* Info.plist */,
				81AB9BB72411601600AC10FF /* LaunchScreen.storyboard */,
				13B07FB71A68108700A75B9A /* main.m */,
			);
			name = base_;
			sourceTree = "<group>";
		};
		2D16E6871FA4F8E400B85C8A /* Frameworks */ = {
			isa = PBXGroup;
			children = (
				ED297162215061F000B7C4FE /* JavaScriptCore.framework */,
			);
			name = Frameworks;
			sourceTree = "<group>";
		};
		435386BB2B19E1AC001DB3DE /* Fonts */ = {
			isa = PBXGroup;
			children = (
				435386BC2B19E1AC001DB3DE /* Fontisto.ttf */,
				435386BD2B19E1AC001DB3DE /* Octicons.ttf */,
				435386BE2B19E1AC001DB3DE /* Feather.ttf */,
				435386BF2B19E1AC001DB3DE /* FontAwesome6_Regular.ttf */,
				435386C02B19E1AC001DB3DE /* Entypo.ttf */,
				435386C12B19E1AC001DB3DE /* FontAwesome5_Brands.ttf */,
				435386C22B19E1AC001DB3DE /* MaterialCommunityIcons.ttf */,
				435386C32B19E1AC001DB3DE /* AntDesign.ttf */,
				435386C42B19E1AC001DB3DE /* Foundation.ttf */,
				435386C52B19E1AC001DB3DE /* Ionicons.ttf */,
				435386C62B19E1AC001DB3DE /* FontAwesome5_Solid.ttf */,
				435386C72B19E1AC001DB3DE /* FontAwesome5_Regular.ttf */,
				435386C82B19E1AC001DB3DE /* FontAwesome.ttf */,
				435386C92B19E1AC001DB3DE /* Zocial.ttf */,
				435386CA2B19E1AC001DB3DE /* EvilIcons.ttf */,
				435386CB2B19E1AC001DB3DE /* FontAwesome6_Solid.ttf */,
				435386CC2B19E1AC001DB3DE /* SimpleLineIcons.ttf */,
				435386CD2B19E1AC001DB3DE /* FontAwesome6_Brands.ttf */,
				435386CE2B19E1AC001DB3DE /* MaterialIcons.ttf */,
			);
			name = Fonts;
			path = "../node_modules/react-native-vector-icons/Fonts";
			sourceTree = "<group>";
		};
		832341AE1AAA6A7D00B99B32 /* Libraries */ = {
			isa = PBXGroup;
			children = (
			);
			name = Libraries;
			sourceTree = "<group>";
		};
		83CBB9F61A601CBA00E9B192 = {
			isa = PBXGroup;
			children = (
				13B07FAE1A68108700A75B9A /* base_ */,
				832341AE1AAA6A7D00B99B32 /* Libraries */,
				00E356EF1AD99517003FC87E /* base_Tests */,
				83CBBA001A601CBA00E9B192 /* Products */,
				2D16E6871FA4F8E400B85C8A /* Frameworks */,
				BBD78D7AC51CEA395F1C20DB /* Pods */,
				951988713F464E409AF56F92 /* Resources */,
			);
			indentWidth = 2;
			sourceTree = "<group>";
			tabWidth = 2;
			usesTabs = 0;
		};
		83CBBA001A601CBA00E9B192 /* Products */ = {
			isa = PBXGroup;
			children = (
				13B07F961A680F5B00A75B9A /* base_.app */,
				00E356EE1AD99517003FC87E /* base_Tests.xctest */,
			);
			name = Products;
			sourceTree = "<group>";
		};
		951988713F464E409AF56F92 /* Resources */ = {
			isa = PBXGroup;
			children = (
				EC9650D5A8654303980628A7 /* DMSans-Black.ttf */,
				125E28F4D297446D8005F514 /* DMSans-BlackItalic.ttf */,
				E9B7A6A2FA29457A820B6151 /* DMSans-Bold.ttf */,
				876299A03D0D499DB5856D90 /* DMSans-BoldItalic.ttf */,
				807BA01C70374AC18B6693CF /* DMSans-ExtraBold.ttf */,
				0D7F65DD19CC41698D40DB4A /* DMSans-ExtraBoldItalic.ttf */,
				28E0AEE033C44C7EAC0FBC5F /* DMSans-ExtraLight.ttf */,
				6DBBC4A21AEE4D6A8DA6A1BE /* DMSans-ExtraLightItalic.ttf */,
				F6960FA53E2E4DCBB9924289 /* DMSans-Italic.ttf */,
				B572D34ADF2C4901A375B158 /* DMSans-Light.ttf */,
				67D47AF48B284B9ABEF0E34D /* DMSans-LightItalic.ttf */,
				82129C2D6EEF4A8CB55B142A /* DMSans-Medium.ttf */,
				56FC966750C44C62A1B1CB30 /* DMSans-MediumItalic.ttf */,
				81C3C3B645DC4B4BAF049DF9 /* DMSans-Regular.ttf */,
				8F7CD93369844E898C11E3AE /* DMSans-SemiBold.ttf */,
				760FB08C937B4F74B89D43BA /* DMSans-SemiBoldItalic.ttf */,
				D243AF2B07C0490C92E48676 /* DMSans-Thin.ttf */,
				67DECD52759E4A228CC22DB5 /* DMSans-ThinItalic.ttf */,
				D887F4155AE84AFE93937295 /* DMSans_18pt-Black.ttf */,
				803C6B1B50D042DEA5D40706 /* DMSans_18pt-BlackItalic.ttf */,
				F5BB7BC0B8744908BFC7958F /* DMSans_18pt-Bold.ttf */,
				41DFDE99574A4316933AB31B /* DMSans_18pt-BoldItalic.ttf */,
				148AF327E7DD4153A20E184C /* DMSans_18pt-ExtraBold.ttf */,
				D10E200C1AB64048BBB80797 /* DMSans_18pt-ExtraBoldItalic.ttf */,
				CE837CD3AE0645A19C84BB49 /* DMSans_18pt-ExtraLight.ttf */,
				1A48FBBAED454F40B100AF49 /* DMSans_18pt-ExtraLightItalic.ttf */,
				28DB00A9498642ADB6C784F3 /* DMSans_18pt-Italic.ttf */,
				6D0A42575EFA49FA94F500F8 /* DMSans_18pt-Light.ttf */,
				6B16637FD6D04890A04A56D9 /* DMSans_18pt-LightItalic.ttf */,
				1C760B02282D43A7BD591B5E /* DMSans_18pt-Medium.ttf */,
				D1E8E44BA78244CB8A0B8560 /* DMSans_18pt-MediumItalic.ttf */,
				FA01AF4C386A413B929E4BA7 /* DMSans_18pt-Regular.ttf */,
				B9C3EFC322E34039BA547465 /* DMSans_18pt-SemiBold.ttf */,
				2DF889DACF9E4973A4459579 /* DMSans_18pt-SemiBoldItalic.ttf */,
				697C49E436084A1BA0DAF07A /* DMSans_18pt-Thin.ttf */,
				7AF628A87CDC4AA89F68642E /* DMSans_18pt-ThinItalic.ttf */,
				01062D6B0D1942DB94768BF8 /* DMSans_24pt-Black.ttf */,
				08577DB22E324C77A96BBE60 /* DMSans_24pt-BlackItalic.ttf */,
				D52F741944FF4CE28D32F452 /* DMSans_24pt-Bold.ttf */,
				4DCAFF774C8F49F48121BD9A /* DMSans_24pt-BoldItalic.ttf */,
				0E0512A1290E42FE8B1F994B /* DMSans_24pt-ExtraBold.ttf */,
				002A95FB5C8F4FB88E7716B3 /* DMSans_24pt-ExtraBoldItalic.ttf */,
				F27E866A3ADA4DB4A7695116 /* DMSans_24pt-ExtraLight.ttf */,
				2BC12DAE6104443487245D5B /* DMSans_24pt-ExtraLightItalic.ttf */,
				448BF1A0C88B44E197E1CD0F /* DMSans_24pt-Italic.ttf */,
				86E551EC8B574632B375911C /* DMSans_24pt-Light.ttf */,
				E96090C0C043461B85192E02 /* DMSans_24pt-LightItalic.ttf */,
				B6EA8ACD378A44D2A9231480 /* DMSans_24pt-Medium.ttf */,
				8BFF9BC061364770B7576ACF /* DMSans_24pt-MediumItalic.ttf */,
				4388D6F8B40541319CE55045 /* DMSans_24pt-Regular.ttf */,
				8C531214D52C40D9A03B4325 /* DMSans_24pt-SemiBold.ttf */,
				1CA618FA9D6E4E26BE8AE64B /* DMSans_24pt-SemiBoldItalic.ttf */,
				90F021D0F1734A22B3FE1E2D /* DMSans_24pt-Thin.ttf */,
				575CAE86F1FA41CA9F3BF423 /* DMSans_24pt-ThinItalic.ttf */,
				AF5939DC65D04452862E507F /* DMSans_36pt-Black.ttf */,
				56AA2367C6FD4B6C9C5082A5 /* DMSans_36pt-BlackItalic.ttf */,
				3ABBE945EB6B4BA391E8607E /* DMSans_36pt-Bold.ttf */,
				A96FDDE0653D42B6BBDDF399 /* DMSans_36pt-BoldItalic.ttf */,
				7C78805248F941268C0AA4BC /* DMSans_36pt-ExtraBold.ttf */,
				73F42A20688B40509C678144 /* DMSans_36pt-ExtraBoldItalic.ttf */,
				CCD194683F5D40C5B4C39EB0 /* DMSans_36pt-ExtraLight.ttf */,
				1DCE304C1C3949D18AE3305F /* DMSans_36pt-ExtraLightItalic.ttf */,
				70DA92A0A7D94E6896DEF6B4 /* DMSans_36pt-Italic.ttf */,
				FC31957F046A4BD28ACEF9F7 /* DMSans_36pt-Light.ttf */,
				D7A927AC6DCF4D7F8B4F78AC /* DMSans_36pt-LightItalic.ttf */,
				A532536E241F4DF58013EAD0 /* DMSans_36pt-Medium.ttf */,
				8A61574649804636B2FC28AA /* DMSans_36pt-MediumItalic.ttf */,
				9844CE32AC864E2CBAA9F275 /* DMSans_36pt-Regular.ttf */,
				2C3612366C6D4D79861339C0 /* DMSans_36pt-SemiBold.ttf */,
				E0E813413194476BB4781C1F /* DMSans_36pt-SemiBoldItalic.ttf */,
				94EE91EE5D894445815F063E /* DMSans_36pt-Thin.ttf */,
				43A6CF86D84A46C1AFB59C2E /* DMSans_36pt-ThinItalic.ttf */,
			);
			name = Resources;
			path = "";
			sourceTree = "<group>";
		};
		BBD78D7AC51CEA395F1C20DB /* Pods */ = {
			isa = PBXGroup;
			children = (
			);
			path = Pods;
			sourceTree = "<group>";
		};
/* End PBXGroup section */

/* Begin PBXNativeTarget section */
		00E356ED1AD99517003FC87E /* base_Tests */ = {
			isa = PBXNativeTarget;
			buildConfigurationList = 00E357021AD99517003FC87E /* Build configuration list for PBXNativeTarget "base_Tests" */;
			buildPhases = (
				00E356EA1AD99517003FC87E /* Sources */,
				00E356EB1AD99517003FC87E /* Frameworks */,
				00E356EC1AD99517003FC87E /* Resources */,
			);
			buildRules = (
			);
			dependencies = (
				00E356F51AD99517003FC87E /* PBXTargetDependency */,
			);
			name = base_Tests;
			productName = base_Tests;
			productReference = 00E356EE1AD99517003FC87E /* base_Tests.xctest */;
			productType = "com.apple.product-type.bundle.unit-test";
		};
		13B07F861A680F5B00A75B9A /* base_ */ = {
			isa = PBXNativeTarget;
			buildConfigurationList = 13B07F931A680F5B00A75B9A /* Build configuration list for PBXNativeTarget "base_" */;
			buildPhases = (
				FD10A7F022414F080027D42C /* Start Packager */,
				13B07F871A680F5B00A75B9A /* Sources */,
				13B07F8C1A680F5B00A75B9A /* Frameworks */,
				13B07F8E1A680F5B00A75B9A /* Resources */,
				00DD1BFF1BD5951E006B06BC /* Bundle React Native code and images */,
			);
			buildRules = (
			);
			dependencies = (
			);
			name = base_;
			productName = base_;
			productReference = 13B07F961A680F5B00A75B9A /* base_.app */;
			productType = "com.apple.product-type.application";
		};
/* End PBXNativeTarget section */

/* Begin PBXProject section */
		83CBB9F71A601CBA00E9B192 /* Project object */ = {
			isa = PBXProject;
			attributes = {
				LastUpgradeCheck = 1210;
				TargetAttributes = {
					00E356ED1AD99517003FC87E = {
						CreatedOnToolsVersion = 6.2;
						TestTargetID = 13B07F861A680F5B00A75B9A;
					};
					13B07F861A680F5B00A75B9A = {
						LastSwiftMigration = 1120;
					};
				};
			};
			buildConfigurationList = 83CBB9FA1A601CBA00E9B192 /* Build configuration list for PBXProject "base_" */;
			compatibilityVersion = "Xcode 12.0";
			developmentRegion = en;
			hasScannedForEncodings = 0;
			knownRegions = (
				en,
				Base,
			);
			mainGroup = 83CBB9F61A601CBA00E9B192;
			productRefGroup = 83CBBA001A601CBA00E9B192 /* Products */;
			projectDirPath = "";
			projectRoot = "";
			targets = (
				13B07F861A680F5B00A75B9A /* base_ */,
				00E356ED1AD99517003FC87E /* base_Tests */,
			);
		};
/* End PBXProject section */

/* Begin PBXResourcesBuildPhase section */
		00E356EC1AD99517003FC87E /* Resources */ = {
			isa = PBXResourcesBuildPhase;
			buildActionMask = 2147483647;
			files = (
			);
			runOnlyForDeploymentPostprocessing = 0;
		};
		13B07F8E1A680F5B00A75B9A /* Resources */ = {
			isa = PBXResourcesBuildPhase;
			buildActionMask = 2147483647;
			files = (
				435386DA2B19E1AC001DB3DE /* FontAwesome5_Regular.ttf in Resources */,
				435386CF2B19E1AC001DB3DE /* Fontisto.ttf in Resources */,
				435386D42B19E1AC001DB3DE /* FontAwesome5_Brands.ttf in Resources */,
				435386D82B19E1AC001DB3DE /* Ionicons.ttf in Resources */,
				435386D92B19E1AC001DB3DE /* FontAwesome5_Solid.ttf in Resources */,
				435386D32B19E1AC001DB3DE /* Entypo.ttf in Resources */,
				81AB9BB82411601600AC10FF /* LaunchScreen.storyboard in Resources */,
				435386D62B19E1AC001DB3DE /* AntDesign.ttf in Resources */,
				435386DC2B19E1AC001DB3DE /* Zocial.ttf in Resources */,
				435386D72B19E1AC001DB3DE /* Foundation.ttf in Resources */,
				435386E02B19E1AC001DB3DE /* FontAwesome6_Brands.ttf in Resources */,
				435386D12B19E1AC001DB3DE /* Feather.ttf in Resources */,
				435386DF2B19E1AC001DB3DE /* SimpleLineIcons.ttf in Resources */,
				435386DD2B19E1AC001DB3DE /* EvilIcons.ttf in Resources */,
				435386D02B19E1AC001DB3DE /* Octicons.ttf in Resources */,
				435386DB2B19E1AC001DB3DE /* FontAwesome.ttf in Resources */,
				13B07FBF1A68108700A75B9A /* Images.xcassets in Resources */,
				435386D52B19E1AC001DB3DE /* MaterialCommunityIcons.ttf in Resources */,
				435386DE2B19E1AC001DB3DE /* FontAwesome6_Solid.ttf in Resources */,
				435386D22B19E1AC001DB3DE /* FontAwesome6_Regular.ttf in Resources */,
				435386E12B19E1AC001DB3DE /* MaterialIcons.ttf in Resources */,
				E5652D14586845E4AC6625CA /* DMSans-Black.ttf in Resources */,
				7FA2BE5B127E4250A6EEE848 /* DMSans-BlackItalic.ttf in Resources */,
				7C3DCEAD5ED245E78857DF89 /* DMSans-Bold.ttf in Resources */,
				A6ABB43FEFD9470AB1D25EB2 /* DMSans-BoldItalic.ttf in Resources */,
				0D398E3D82A741628FAD1F58 /* DMSans-ExtraBold.ttf in Resources */,
				814D9DCFAE4A43538417BCF5 /* DMSans-ExtraBoldItalic.ttf in Resources */,
				42185B661ABD4A3BB6C6979A /* DMSans-ExtraLight.ttf in Resources */,
				0AFF83415CC94BB0A6FFEE37 /* DMSans-ExtraLightItalic.ttf in Resources */,
				48097482071940A3BD92A8F5 /* DMSans-Italic.ttf in Resources */,
				9D60ED5AF6514D67A9D08A81 /* DMSans-Light.ttf in Resources */,
				F542E124BAAB48FF8180AF98 /* DMSans-LightItalic.ttf in Resources */,
				963DA9458232443C89AB7D0A /* DMSans-Medium.ttf in Resources */,
				3F13B304B7E04EF8A422EDC4 /* DMSans-MediumItalic.ttf in Resources */,
				B6C2C36E76BA41E4859DDFF0 /* DMSans-Regular.ttf in Resources */,
				BC1679ABB1954620A979B18E /* DMSans-SemiBold.ttf in Resources */,
				777D37D3621B4F9EB211AA7B /* DMSans-SemiBoldItalic.ttf in Resources */,
				DAE063F836364F3C97CF3C1B /* DMSans-Thin.ttf in Resources */,
				29875590D8D948059488BBCC /* DMSans-ThinItalic.ttf in Resources */,
				E407E43E50654F939E56EC9A /* DMSans_18pt-Black.ttf in Resources */,
				CED422ACCC4E413DB04F8DDC /* DMSans_18pt-BlackItalic.ttf in Resources */,
				13F98921DF5440FEA122D2B3 /* DMSans_18pt-Bold.ttf in Resources */,
				59E8C5D3DF26449EB9824766 /* DMSans_18pt-BoldItalic.ttf in Resources */,
				3F2098459B4446CCAC372220 /* DMSans_18pt-ExtraBold.ttf in Resources */,
				3D2D2CDE02A049408D9F0BE7 /* DMSans_18pt-ExtraBoldItalic.ttf in Resources */,
				442227EA7DAD49B3AE345224 /* DMSans_18pt-ExtraLight.ttf in Resources */,
				16FB2CB78D404997B6780C3D /* DMSans_18pt-ExtraLightItalic.ttf in Resources */,
				78412CFDDBAF45F28EC8350A /* DMSans_18pt-Italic.ttf in Resources */,
				FFDF27EF84774AAB8629EE72 /* DMSans_18pt-Light.ttf in Resources */,
				53C608417E944CEF8C83E052 /* DMSans_18pt-LightItalic.ttf in Resources */,
				53347320C3CC4D5AA95FAD1C /* DMSans_18pt-Medium.ttf in Resources */,
				0B2F25DDEA10408FAAAAB960 /* DMSans_18pt-MediumItalic.ttf in Resources */,
				82E6F40C476D41478D562DF7 /* DMSans_18pt-Regular.ttf in Resources */,
				2D5037B2FA99438596CD54D6 /* DMSans_18pt-SemiBold.ttf in Resources */,
				14DC9EEB98A241CB85BA20C5 /* DMSans_18pt-SemiBoldItalic.ttf in Resources */,
				42497C4BAAA54772A4DCC8EA /* DMSans_18pt-Thin.ttf in Resources */,
				09697F135F104BB484597955 /* DMSans_18pt-ThinItalic.ttf in Resources */,
				2FC72B64AEDF4A79BAEFD0C9 /* DMSans_24pt-Black.ttf in Resources */,
				7492E5CCEB7F4522B9B513C4 /* DMSans_24pt-BlackItalic.ttf in Resources */,
				18B27FF043A14970886E14F6 /* DMSans_24pt-Bold.ttf in Resources */,
				224F53C771BA489DBCAA9C1D /* DMSans_24pt-BoldItalic.ttf in Resources */,
				42AD8AF9F22D4364963CABAB /* DMSans_24pt-ExtraBold.ttf in Resources */,
				C6CB585053134D798A0D1C1B /* DMSans_24pt-ExtraBoldItalic.ttf in Resources */,
				EC203B662DE54C608E89C0D4 /* DMSans_24pt-ExtraLight.ttf in Resources */,
				C33299B3A0E2457B8F70715D /* DMSans_24pt-ExtraLightItalic.ttf in Resources */,
				5BF2B25D8B08471B9B667CBA /* DMSans_24pt-Italic.ttf in Resources */,
				41C505E0699248EDBB896D23 /* DMSans_24pt-Light.ttf in Resources */,
				CA79F886DA4545379605BC35 /* DMSans_24pt-LightItalic.ttf in Resources */,
				2784C93023274AC68D99770A /* DMSans_24pt-Medium.ttf in Resources */,
				83E48B99EC8B457C91B7B912 /* DMSans_24pt-MediumItalic.ttf in Resources */,
				FC04D5F3025845F68C239790 /* DMSans_24pt-Regular.ttf in Resources */,
				043696278E2B4D4B846B3088 /* DMSans_24pt-SemiBold.ttf in Resources */,
				7A9705D34E884B169C41C896 /* DMSans_24pt-SemiBoldItalic.ttf in Resources */,
				06DA3FCBD3E5464795DBED60 /* DMSans_24pt-Thin.ttf in Resources */,
				4257BDCF463F47AFA1C35661 /* DMSans_24pt-ThinItalic.ttf in Resources */,
				779CC8C24C684A08ADF2A28C /* DMSans_36pt-Black.ttf in Resources */,
				D5EAE3D07034465F9D81D27E /* DMSans_36pt-BlackItalic.ttf in Resources */,
				72A56BC752664E38B80D6A57 /* DMSans_36pt-Bold.ttf in Resources */,
				FCE39A5B82294C0CB0B55D22 /* DMSans_36pt-BoldItalic.ttf in Resources */,
				56547DFEBDBA4C1C99E7DE2F /* DMSans_36pt-ExtraBold.ttf in Resources */,
				C6E637B2B5704208BCDC0B83 /* DMSans_36pt-ExtraBoldItalic.ttf in Resources */,
				CC463C845ECD429F937F028D /* DMSans_36pt-ExtraLight.ttf in Resources */,
				EE16E2DF6A464C68A4276560 /* DMSans_36pt-ExtraLightItalic.ttf in Resources */,
				96F9B2B291624AC8B02F82B0 /* DMSans_36pt-Italic.ttf in Resources */,
				7DED6FF67D9148609413126C /* DMSans_36pt-Light.ttf in Resources */,
				B22F9E59E761454DAAD47E0A /* DMSans_36pt-LightItalic.ttf in Resources */,
				F99A092E86FD44999E4594B9 /* DMSans_36pt-Medium.ttf in Resources */,
				86AD7CDA5C744834AF65F756 /* DMSans_36pt-MediumItalic.ttf in Resources */,
				02E2DC55742E45C593D70761 /* DMSans_36pt-Regular.ttf in Resources */,
				015A01BE67ED463985AA0C9A /* DMSans_36pt-SemiBold.ttf in Resources */,
				8B3597F0B36542F689F1B29A /* DMSans_36pt-SemiBoldItalic.ttf in Resources */,
				A8B764DB8E3A4087ACEA3739 /* DMSans_36pt-Thin.ttf in Resources */,
				DA74D4E5FDDB45918551960E /* DMSans_36pt-ThinItalic.ttf in Resources */,
			);
			runOnlyForDeploymentPostprocessing = 0;
		};
/* End PBXResourcesBuildPhase section */

/* Begin PBXShellScriptBuildPhase section */
		00DD1BFF1BD5951E006B06BC /* Bundle React Native code and images */ = {
			isa = PBXShellScriptBuildPhase;
			buildActionMask = 2147483647;
			files = (
			);
			inputPaths = (
				"$(SRCROOT)/.xcode.env.local",
				"$(SRCROOT)/.xcode.env",
			);
			name = "Bundle React Native code and images";
			outputPaths = (
			);
			runOnlyForDeploymentPostprocessing = 0;
			shellPath = /bin/sh;
			shellScript = "set -e\n\nWITH_ENVIRONMENT=\"../node_modules/react-native/scripts/xcode/with-environment.sh\"\nREACT_NATIVE_XCODE=\"../node_modules/react-native/scripts/react-native-xcode.sh\"\n\n/bin/sh -c \"$WITH_ENVIRONMENT $REACT_NATIVE_XCODE\"\n";
		};
		FD10A7F022414F080027D42C /* Start Packager */ = {
			isa = PBXShellScriptBuildPhase;
			buildActionMask = 2147483647;
			files = (
			);
			inputFileListPaths = (
			);
			inputPaths = (
			);
			name = "Start Packager";
			outputFileListPaths = (
			);
			outputPaths = (
			);
			runOnlyForDeploymentPostprocessing = 0;
			shellPath = /bin/sh;
			shellScript = "export RCT_METRO_PORT=\"${RCT_METRO_PORT:=8081}\"\necho \"export RCT_METRO_PORT=${RCT_METRO_PORT}\" > \"${SRCROOT}/../node_modules/react-native/scripts/.packager.env\"\nif [ -z \"${RCT_NO_LAUNCH_PACKAGER+xxx}\" ] ; then\n  if nc -w 5 -z localhost ${RCT_METRO_PORT} ; then\n    if ! curl -s \"http://localhost:${RCT_METRO_PORT}/status\" | grep -q \"packager-status:running\" ; then\n      echo \"Port ${RCT_METRO_PORT} already in use, packager is either not running or not running correctly\"\n      exit 2\n    fi\n  else\n    open \"$SRCROOT/../node_modules/react-native/scripts/launchPackager.command\" || echo \"Can't start packager automatically\"\n  fi\nfi\n";
			showEnvVarsInLog = 0;
		};
/* End PBXShellScriptBuildPhase section */

/* Begin PBXSourcesBuildPhase section */
		00E356EA1AD99517003FC87E /* Sources */ = {
			isa = PBXSourcesBuildPhase;
			buildActionMask = 2147483647;
			files = (
				00E356F31AD99517003FC87E /* base_Tests.m in Sources */,
			);
			runOnlyForDeploymentPostprocessing = 0;
		};
		13B07F871A680F5B00A75B9A /* Sources */ = {
			isa = PBXSourcesBuildPhase;
			buildActionMask = 2147483647;
			files = (
				13B07FBC1A68108700A75B9A /* AppDelegate.mm in Sources */,
				13B07FC11A68108700A75B9A /* main.m in Sources */,
			);
			runOnlyForDeploymentPostprocessing = 0;
		};
/* End PBXSourcesBuildPhase section */

/* Begin PBXTargetDependency section */
		00E356F51AD99517003FC87E /* PBXTargetDependency */ = {
			isa = PBXTargetDependency;
			target = 13B07F861A680F5B00A75B9A /* base_ */;
			targetProxy = 00E356F41AD99517003FC87E /* PBXContainerItemProxy */;
		};
/* End PBXTargetDependency section */

/* Begin XCBuildConfiguration section */
		00E356F61AD99517003FC87E /* Debug */ = {
			isa = XCBuildConfiguration;
			buildSettings = {
				BUNDLE_LOADER = "$(TEST_HOST)";
				GCC_PREPROCESSOR_DEFINITIONS = (
					"DEBUG=1",
					"$(inherited)",
				);
				INFOPLIST_FILE = base_Tests/Info.plist;
				IPHONEOS_DEPLOYMENT_TARGET = 12.4;
				LD_RUNPATH_SEARCH_PATHS = (
					"$(inherited)",
					"@executable_path/Frameworks",
					"@loader_path/Frameworks",
				);
				OTHER_LDFLAGS = (
					"-ObjC",
					"-lc++",
					"$(inherited)",
				);
				PRODUCT_BUNDLE_IDENTIFIER = "org.reactjs.native.example.$(PRODUCT_NAME:rfc1034identifier)";
				PRODUCT_NAME = "$(TARGET_NAME)";
				TEST_HOST = "$(BUILT_PRODUCTS_DIR)/base_.app/base_";
			};
			name = Debug;
		};
		00E356F71AD99517003FC87E /* Release */ = {
			isa = XCBuildConfiguration;
			buildSettings = {
				BUNDLE_LOADER = "$(TEST_HOST)";
				COPY_PHASE_STRIP = NO;
				INFOPLIST_FILE = base_Tests/Info.plist;
				IPHONEOS_DEPLOYMENT_TARGET = 12.4;
				LD_RUNPATH_SEARCH_PATHS = (
					"$(inherited)",
					"@executable_path/Frameworks",
					"@loader_path/Frameworks",
				);
				OTHER_LDFLAGS = (
					"-ObjC",
					"-lc++",
					"$(inherited)",
				);
				PRODUCT_BUNDLE_IDENTIFIER = "org.reactjs.native.example.$(PRODUCT_NAME:rfc1034identifier)";
				PRODUCT_NAME = "$(TARGET_NAME)";
				TEST_HOST = "$(BUILT_PRODUCTS_DIR)/base_.app/base_";
			};
			name = Release;
		};
		13B07F941A680F5B00A75B9A /* Debug */ = {
			isa = XCBuildConfiguration;
			buildSettings = {
				ASSETCATALOG_COMPILER_APPICON_NAME = AppIcon;
				CLANG_ENABLE_MODULES = YES;
				CURRENT_PROJECT_VERSION = 1;
				ENABLE_BITCODE = NO;
				INFOPLIST_FILE = base_/Info.plist;
				LD_RUNPATH_SEARCH_PATHS = (
					"$(inherited)",
					"@executable_path/Frameworks",
				);
				MARKETING_VERSION = 1.0;
				OTHER_LDFLAGS = (
					"$(inherited)",
					"-ObjC",
					"-lc++",
				);
				PRODUCT_BUNDLE_IDENTIFIER = "org.reactjs.native.example.$(PRODUCT_NAME:rfc1034identifier)";
				PRODUCT_NAME = base_;
				SWIFT_OPTIMIZATION_LEVEL = "-Onone";
				SWIFT_VERSION = 5.0;
				VERSIONING_SYSTEM = "apple-generic";
			};
			name = Debug;
		};
		13B07F951A680F5B00A75B9A /* Release */ = {
			isa = XCBuildConfiguration;
			buildSettings = {
				ASSETCATALOG_COMPILER_APPICON_NAME = AppIcon;
				CLANG_ENABLE_MODULES = YES;
				CURRENT_PROJECT_VERSION = 1;
				INFOPLIST_FILE = base_/Info.plist;
				LD_RUNPATH_SEARCH_PATHS = (
					"$(inherited)",
					"@executable_path/Frameworks",
				);
				MARKETING_VERSION = 1.0;
				OTHER_LDFLAGS = (
					"$(inherited)",
					"-ObjC",
					"-lc++",
				);
				PRODUCT_BUNDLE_IDENTIFIER = "org.reactjs.native.example.$(PRODUCT_NAME:rfc1034identifier)";
				PRODUCT_NAME = base_;
				SWIFT_VERSION = 5.0;
				VERSIONING_SYSTEM = "apple-generic";
			};
			name = Release;
		};
		83CBBA201A601CBA00E9B192 /* Debug */ = {
			isa = XCBuildConfiguration;
			buildSettings = {
				ALWAYS_SEARCH_USER_PATHS = NO;
				CLANG_ANALYZER_LOCALIZABILITY_NONLOCALIZED = YES;
				CLANG_CXX_LANGUAGE_STANDARD = "c++17";
				CLANG_CXX_LIBRARY = "libc++";
				CLANG_ENABLE_MODULES = YES;
				CLANG_ENABLE_OBJC_ARC = YES;
				CLANG_WARN_BLOCK_CAPTURE_AUTORELEASING = YES;
				CLANG_WARN_BOOL_CONVERSION = YES;
				CLANG_WARN_COMMA = YES;
				CLANG_WARN_CONSTANT_CONVERSION = YES;
				CLANG_WARN_DEPRECATED_OBJC_IMPLEMENTATIONS = YES;
				CLANG_WARN_DIRECT_OBJC_ISA_USAGE = YES_ERROR;
				CLANG_WARN_EMPTY_BODY = YES;
				CLANG_WARN_ENUM_CONVERSION = YES;
				CLANG_WARN_INFINITE_RECURSION = YES;
				CLANG_WARN_INT_CONVERSION = YES;
				CLANG_WARN_NON_LITERAL_NULL_CONVERSION = YES;
				CLANG_WARN_OBJC_IMPLICIT_RETAIN_SELF = YES;
				CLANG_WARN_OBJC_LITERAL_CONVERSION = YES;
				CLANG_WARN_OBJC_ROOT_CLASS = YES_ERROR;
				CLANG_WARN_QUOTED_INCLUDE_IN_FRAMEWORK_HEADER = YES;
				CLANG_WARN_RANGE_LOOP_ANALYSIS = YES;
				CLANG_WARN_STRICT_PROTOTYPES = YES;
				CLANG_WARN_SUSPICIOUS_MOVE = YES;
				CLANG_WARN_UNREACHABLE_CODE = YES;
				CLANG_WARN__DUPLICATE_METHOD_MATCH = YES;
				"CODE_SIGN_IDENTITY[sdk=iphoneos*]" = "iPhone Developer";
				COPY_PHASE_STRIP = NO;
				ENABLE_STRICT_OBJC_MSGSEND = YES;
				ENABLE_TESTABILITY = YES;
				"EXCLUDED_ARCHS[sdk=iphonesimulator*]" = i386;
				GCC_C_LANGUAGE_STANDARD = gnu99;
				GCC_DYNAMIC_NO_PIC = NO;
				GCC_NO_COMMON_BLOCKS = YES;
				GCC_OPTIMIZATION_LEVEL = 0;
				GCC_PREPROCESSOR_DEFINITIONS = (
					"DEBUG=1",
					"$(inherited)",
					_LIBCPP_ENABLE_CXX17_REMOVED_UNARY_BINARY_FUNCTION,
				);
				GCC_SYMBOLS_PRIVATE_EXTERN = NO;
				GCC_WARN_64_TO_32_BIT_CONVERSION = YES;
				GCC_WARN_ABOUT_RETURN_TYPE = YES_ERROR;
				GCC_WARN_UNDECLARED_SELECTOR = YES;
				GCC_WARN_UNINITIALIZED_AUTOS = YES_AGGRESSIVE;
				GCC_WARN_UNUSED_FUNCTION = YES;
				GCC_WARN_UNUSED_VARIABLE = YES;
				IPHONEOS_DEPLOYMENT_TARGET = 12.4;
				LD_RUNPATH_SEARCH_PATHS = (
					/usr/lib/swift,
					"$(inherited)",
				);
				LIBRARY_SEARCH_PATHS = (
					"\"$(SDKROOT)/usr/lib/swift\"",
					"\"$(TOOLCHAIN_DIR)/usr/lib/swift/$(PLATFORM_NAME)\"",
					"\"$(inherited)\"",
				);
				MTL_ENABLE_DEBUG_INFO = YES;
				ONLY_ACTIVE_ARCH = YES;
				OTHER_CFLAGS = "$(inherited)";
				OTHER_CPLUSPLUSFLAGS = (
					"$(OTHER_CFLAGS)",
					"-DFOLLY_NO_CONFIG",
					"-DFOLLY_MOBILE=1",
					"-DFOLLY_USE_LIBCPP=1",
				);
				OTHER_LDFLAGS = (
					"$(inherited)",
					"-Wl",
					"-ld_classic",
				);
				REACT_NATIVE_PATH = "${PODS_ROOT}/../../node_modules/react-native";
				SDKROOT = iphoneos;
			};
			name = Debug;
		};
		83CBBA211A601CBA00E9B192 /* Release */ = {
			isa = XCBuildConfiguration;
			buildSettings = {
				ALWAYS_SEARCH_USER_PATHS = NO;
				CLANG_ANALYZER_LOCALIZABILITY_NONLOCALIZED = YES;
				CLANG_CXX_LANGUAGE_STANDARD = "c++17";
				CLANG_CXX_LIBRARY = "libc++";
				CLANG_ENABLE_MODULES = YES;
				CLANG_ENABLE_OBJC_ARC = YES;
				CLANG_WARN_BLOCK_CAPTURE_AUTORELEASING = YES;
				CLANG_WARN_BOOL_CONVERSION = YES;
				CLANG_WARN_COMMA = YES;
				CLANG_WARN_CONSTANT_CONVERSION = YES;
				CLANG_WARN_DEPRECATED_OBJC_IMPLEMENTATIONS = YES;
				CLANG_WARN_DIRECT_OBJC_ISA_USAGE = YES_ERROR;
				CLANG_WARN_EMPTY_BODY = YES;
				CLANG_WARN_ENUM_CONVERSION = YES;
				CLANG_WARN_INFINITE_RECURSION = YES;
				CLANG_WARN_INT_CONVERSION = YES;
				CLANG_WARN_NON_LITERAL_NULL_CONVERSION = YES;
				CLANG_WARN_OBJC_IMPLICIT_RETAIN_SELF = YES;
				CLANG_WARN_OBJC_LITERAL_CONVERSION = YES;
				CLANG_WARN_OBJC_ROOT_CLASS = YES_ERROR;
				CLANG_WARN_QUOTED_INCLUDE_IN_FRAMEWORK_HEADER = YES;
				CLANG_WARN_RANGE_LOOP_ANALYSIS = YES;
				CLANG_WARN_STRICT_PROTOTYPES = YES;
				CLANG_WARN_SUSPICIOUS_MOVE = YES;
				CLANG_WARN_UNREACHABLE_CODE = YES;
				CLANG_WARN__DUPLICATE_METHOD_MATCH = YES;
				"CODE_SIGN_IDENTITY[sdk=iphoneos*]" = "iPhone Developer";
				COPY_PHASE_STRIP = YES;
				ENABLE_NS_ASSERTIONS = NO;
				ENABLE_STRICT_OBJC_MSGSEND = YES;
				"EXCLUDED_ARCHS[sdk=iphonesimulator*]" = i386;
				GCC_C_LANGUAGE_STANDARD = gnu99;
				GCC_NO_COMMON_BLOCKS = YES;
				GCC_PREPROCESSOR_DEFINITIONS = (
					"$(inherited)",
					_LIBCPP_ENABLE_CXX17_REMOVED_UNARY_BINARY_FUNCTION,
				);
				GCC_WARN_64_TO_32_BIT_CONVERSION = YES;
				GCC_WARN_ABOUT_RETURN_TYPE = YES_ERROR;
				GCC_WARN_UNDECLARED_SELECTOR = YES;
				GCC_WARN_UNINITIALIZED_AUTOS = YES_AGGRESSIVE;
				GCC_WARN_UNUSED_FUNCTION = YES;
				GCC_WARN_UNUSED_VARIABLE = YES;
				IPHONEOS_DEPLOYMENT_TARGET = 12.4;
				LD_RUNPATH_SEARCH_PATHS = (
					/usr/lib/swift,
					"$(inherited)",
				);
				LIBRARY_SEARCH_PATHS = (
					"\"$(SDKROOT)/usr/lib/swift\"",
					"\"$(TOOLCHAIN_DIR)/usr/lib/swift/$(PLATFORM_NAME)\"",
					"\"$(inherited)\"",
				);
				MTL_ENABLE_DEBUG_INFO = NO;
				OTHER_CFLAGS = "$(inherited)";
				OTHER_CPLUSPLUSFLAGS = (
					"$(OTHER_CFLAGS)",
					"-DFOLLY_NO_CONFIG",
					"-DFOLLY_MOBILE=1",
					"-DFOLLY_USE_LIBCPP=1",
				);
				OTHER_LDFLAGS = (
					"$(inherited)",
					"-Wl",
					"-ld_classic",
				);
				REACT_NATIVE_PATH = "${PODS_ROOT}/../../node_modules/react-native";
				SDKROOT = iphoneos;
				VALIDATE_PRODUCT = YES;
			};
			name = Release;
		};
/* End XCBuildConfiguration section */

/* Begin XCConfigurationList section */
		00E357021AD99517003FC87E /* Build configuration list for PBXNativeTarget "base_Tests" */ = {
			isa = XCConfigurationList;
			buildConfigurations = (
				00E356F61AD99517003FC87E /* Debug */,
				00E356F71AD99517003FC87E /* Release */,
			);
			defaultConfigurationIsVisible = 0;
			defaultConfigurationName = Release;
		};
		13B07F931A680F5B00A75B9A /* Build configuration list for PBXNativeTarget "base_" */ = {
			isa = XCConfigurationList;
			buildConfigurations = (
				13B07F941A680F5B00A75B9A /* Debug */,
				13B07F951A680F5B00A75B9A /* Release */,
			);
			defaultConfigurationIsVisible = 0;
			defaultConfigurationName = Release;
		};
		83CBB9FA1A601CBA00E9B192 /* Build configuration list for PBXProject "base_" */ = {
			isa = XCConfigurationList;
			buildConfigurations = (
				83CBBA201A601CBA00E9B192 /* Debug */,
				83CBBA211A601CBA00E9B192 /* Release */,
			);
			defaultConfigurationIsVisible = 0;
			defaultConfigurationName = Release;
		};
/* End XCConfigurationList section */
	};
	rootObject = 83CBB9F71A601CBA00E9B192 /* Project object */;
}
